
Microsoft Visual Studio Solution File, Format Version 12.00
# Visual Studio 15
VisualStudioVersion = 15.0.26730.10
MinimumVisualStudioVersion = 10.0.40219.1

Project("{6EC3EE1D-3C4E-46DD-8F32-0CC8E7565705}") = "MissingIcons", "MissingIcons\MissingIcons.fsproj", "{16A9CB58-7813-4106-A2F7-ADB04EE9148E}"
EndProject



Project("{F2A71F9B-5D33-465A-A702-920D77279786}") = "MissingIcons.iOS", "MissingIcons.iOS\MissingIcons.iOS.fsproj", "{F42D0206-CEE0-4616-851E-70266B310537}"
EndProject




Global
	GlobalSection(SolutionConfigurationPlatforms) = preSolution
		Ad-Hoc|Any CPU = Ad-Hoc|Any CPU
		Ad-Hoc|ARM = Ad-Hoc|ARM
		Ad-Hoc|iPhone = Ad-Hoc|iPhone
		Ad-Hoc|iPhoneSimulator = Ad-Hoc|iPhoneSimulator
		Ad-Hoc|x64 = Ad-Hoc|x64
		Ad-Hoc|x86 = Ad-Hoc|x86
		AppStore|Any CPU = AppStore|Any CPU
		AppStore|ARM = AppStore|ARM
		AppStore|iPhone = AppStore|iPhone
		AppStore|iPhoneSimulator = AppStore|iPhoneSimulator
		AppStore|x64 = AppStore|x64
		AppStore|x86 = AppStore|x86
		Debug|Any CPU = Debug|Any CPU
		Debug|ARM = Debug|ARM
		Debug|iPhone = Debug|iPhone
		Debug|iPhoneSimulator = Debug|iPhoneSimulator
		Debug|x64 = Debug|x64
		Debug|x86 = Debug|x86
		Release|Any CPU = Release|Any CPU
		Release|ARM = Release|ARM
		Release|iPhone = Release|iPhone
		Release|iPhoneSimulator = Release|iPhoneSimulator
		Release|x64 = Release|x64
		Release|x86 = Release|x86
	EndGlobalSection
	GlobalSection(ProjectConfigurationPlatforms) = postSolution
		{16A9CB58-7813-4106-A2F7-ADB04EE9148E}.Ad-Hoc|Any CPU.ActiveCfg = Debug|Any CPU
		{16A9CB58-7813-4106-A2F7-ADB04EE9148E}.Ad-Hoc|Any CPU.Build.0 = Debug|Any CPU
		{16A9CB58-7813-4106-A2F7-ADB04EE9148E}.Ad-Hoc|ARM.ActiveCfg = Debug|Any CPU
		{16A9CB58-7813-4106-A2F7-ADB04EE9148E}.Ad-Hoc|ARM.Build.0 = Debug|Any CPU
		{16A9CB58-7813-4106-A2F7-ADB04EE9148E}.Ad-Hoc|iPhone.ActiveCfg = Debug|Any CPU
		{16A9CB58-7813-4106-A2F7-ADB04EE9148E}.Ad-Hoc|iPhone.Build.0 = Debug|Any CPU
		{16A9CB58-7813-4106-A2F7-ADB04EE9148E}.Ad-Hoc|iPhoneSimulator.ActiveCfg = Debug|Any CPU
		{16A9CB58-7813-4106-A2F7-ADB04EE9148E}.Ad-Hoc|iPhoneSimulator.Build.0 = Debug|Any CPU
		{16A9CB58-7813-4106-A2F7-ADB04EE9148E}.Ad-Hoc|x64.ActiveCfg = Debug|Any CPU
		{16A9CB58-7813-4106-A2F7-ADB04EE9148E}.Ad-Hoc|x64.Build.0 = Debug|Any CPU
		{16A9CB58-7813-4106-A2F7-ADB04EE9148E}.Ad-Hoc|x86.ActiveCfg = Debug|Any CPU
		{16A9CB58-7813-4106-A2F7-ADB04EE9148E}.Ad-Hoc|x86.Build.0 = Debug|Any CPU
		{16A9CB58-7813-4106-A2F7-ADB04EE9148E}.AppStore|Any CPU.ActiveCfg = Debug|Any CPU
		{16A9CB58-7813-4106-A2F7-ADB04EE9148E}.AppStore|Any CPU.Build.0 = Debug|Any CPU
		{16A9CB58-7813-4106-A2F7-ADB04EE9148E}.AppStore|ARM.ActiveCfg = Debug|Any CPU
		{16A9CB58-7813-4106-A2F7-ADB04EE9148E}.AppStore|ARM.Build.0 = Debug|Any CPU
		{16A9CB58-7813-4106-A2F7-ADB04EE9148E}.AppStore|iPhone.ActiveCfg = Debug|Any CPU
		{16A9CB58-7813-4106-A2F7-ADB04EE9148E}.AppStore|iPhone.Build.0 = Debug|Any CPU
		{16A9CB58-7813-4106-A2F7-ADB04EE9148E}.AppStore|iPhoneSimulator.ActiveCfg = Debug|Any CPU
		{16A9CB58-7813-4106-A2F7-ADB04EE9148E}.AppStore|iPhoneSimulator.Build.0 = Debug|Any CPU
		{16A9CB58-7813-4106-A2F7-ADB04EE9148E}.AppStore|x64.ActiveCfg = Debug|Any CPU
		{16A9CB58-7813-4106-A2F7-ADB04EE9148E}.AppStore|x64.Build.0 = Debug|Any CPU
		{16A9CB58-7813-4106-A2F7-ADB04EE9148E}.AppStore|x86.ActiveCfg = Debug|Any CPU
		{16A9CB58-7813-4106-A2F7-ADB04EE9148E}.AppStore|x86.Build.0 = Debug|Any CPU
		{16A9CB58-7813-4106-A2F7-ADB04EE9148E}.Debug|Any CPU.ActiveCfg = Debug|Any CPU
		{16A9CB58-7813-4106-A2F7-ADB04EE9148E}.Debug|Any CPU.Build.0 = Debug|Any CPU
		{16A9CB58-7813-4106-A2F7-ADB04EE9148E}.Debug|ARM.ActiveCfg = Debug|Any CPU
		{16A9CB58-7813-4106-A2F7-ADB04EE9148E}.Debug|ARM.Build.0 = Debug|Any CPU
		{16A9CB58-7813-4106-A2F7-ADB04EE9148E}.Debug|iPhone.ActiveCfg = Debug|Any CPU
		{16A9CB58-7813-4106-A2F7-ADB04EE9148E}.Debug|iPhone.Build.0 = Debug|Any CPU
		{16A9CB58-7813-4106-A2F7-ADB04EE9148E}.Debug|iPhoneSimulator.ActiveCfg = Debug|Any CPU
		{16A9CB58-7813-4106-A2F7-ADB04EE9148E}.Debug|iPhoneSimulator.Build.0 = Debug|Any CPU
		{16A9CB58-7813-4106-A2F7-ADB04EE9148E}.Debug|x64.ActiveCfg = Debug|Any CPU
		{16A9CB58-7813-4106-A2F7-ADB04EE9148E}.Debug|x64.Build.0 = Debug|Any CPU
		{16A9CB58-7813-4106-A2F7-ADB04EE9148E}.Debug|x86.ActiveCfg = Debug|Any CPU
		{16A9CB58-7813-4106-A2F7-ADB04EE9148E}.Debug|x86.Build.0 = Debug|Any CPU
		{16A9CB58-7813-4106-A2F7-ADB04EE9148E}.Release|Any CPU.ActiveCfg = Release|Any CPU
		{16A9CB58-7813-4106-A2F7-ADB04EE9148E}.Release|Any CPU.Build.0 = Release|Any CPU
		{16A9CB58-7813-4106-A2F7-ADB04EE9148E}.Release|ARM.ActiveCfg = Release|Any CPU
		{16A9CB58-7813-4106-A2F7-ADB04EE9148E}.Release|ARM.Build.0 = Release|Any CPU
		{16A9CB58-7813-4106-A2F7-ADB04EE9148E}.Release|iPhone.ActiveCfg = Release|Any CPU
		{16A9CB58-7813-4106-A2F7-ADB04EE9148E}.Release|iPhone.Build.0 = Release|Any CPU
		{16A9CB58-7813-4106-A2F7-ADB04EE9148E}.Release|iPhoneSimulator.ActiveCfg = Release|Any CPU
		{16A9CB58-7813-4106-A2F7-ADB04EE9148E}.Release|iPhoneSimulator.Build.0 = Release|Any CPU
		{16A9CB58-7813-4106-A2F7-ADB04EE9148E}.Release|x64.ActiveCfg = Release|Any CPU
		{16A9CB58-7813-4106-A2F7-ADB04EE9148E}.Release|x64.Build.0 = Release|Any CPU
		{16A9CB58-7813-4106-A2F7-ADB04EE9148E}.Release|x86.ActiveCfg = Release|Any CPU
		{16A9CB58-7813-4106-A2F7-ADB04EE9148E}.Release|x86.Build.0 = Release|Any CPU
		{F42D0206-CEE0-4616-851E-70266B310537}.Ad-Hoc|Any CPU.ActiveCfg = Ad-Hoc|iPhone
		{F42D0206-CEE0-4616-851E-70266B310537}.Ad-Hoc|ARM.ActiveCfg = Ad-Hoc|iPhone
		{F42D0206-CEE0-4616-851E-70266B310537}.Ad-Hoc|iPhone.ActiveCfg = Ad-Hoc|iPhone
		{F42D0206-CEE0-4616-851E-70266B310537}.Ad-Hoc|iPhone.Build.0 = Ad-Hoc|iPhone
		{F42D0206-CEE0-4616-851E-70266B310537}.Ad-Hoc|iPhoneSimulator.ActiveCfg = Ad-Hoc|iPhoneSimulator
		{F42D0206-CEE0-4616-851E-70266B310537}.Ad-Hoc|iPhoneSimulator.Build.0 = Ad-Hoc|iPhoneSimulator
		{F42D0206-CEE0-4616-851E-70266B310537}.Ad-Hoc|x64.ActiveCfg = Ad-Hoc|iPhone
		{F42D0206-CEE0-4616-851E-70266B310537}.Ad-Hoc|x86.ActiveCfg = Ad-Hoc|iPhone
		{F42D0206-CEE0-4616-851E-70266B310537}.AppStore|Any CPU.ActiveCfg = AppStore|iPhone
		{F42D0206-CEE0-4616-851E-70266B310537}.AppStore|ARM.ActiveCfg = AppStore|iPhone
		{F42D0206-CEE0-4616-851E-70266B310537}.AppStore|iPhone.ActiveCfg = AppStore|iPhone
		{F42D0206-CEE0-4616-851E-70266B310537}.AppStore|iPhone.Build.0 = AppStore|iPhone
		{F42D0206-CEE0-4616-851E-70266B310537}.AppStore|iPhoneSimulator.ActiveCfg = AppStore|iPhoneSimulator
		{F42D0206-CEE0-4616-851E-70266B310537}.AppStore|iPhoneSimulator.Build.0 = AppStore|iPhoneSimulator
		{F42D0206-CEE0-4616-851E-70266B310537}.AppStore|x64.ActiveCfg = AppStore|iPhone
		{F42D0206-CEE0-4616-851E-70266B310537}.AppStore|x86.ActiveCfg = AppStore|iPhone
		{F42D0206-CEE0-4616-851E-70266B310537}.Debug|Any CPU.ActiveCfg = Debug|iPhone
		{F42D0206-CEE0-4616-851E-70266B310537}.Debug|ARM.ActiveCfg = Debug|iPhone
		{F42D0206-CEE0-4616-851E-70266B310537}.Debug|iPhone.ActiveCfg = Debug|iPhone
		{F42D0206-CEE0-4616-851E-70266B310537}.Debug|iPhone.Build.0 = Debug|iPhone
		{F42D0206-CEE0-4616-851E-70266B310537}.Debug|iPhoneSimulator.ActiveCfg = Debug|iPhoneSimulator
		{F42D0206-CEE0-4616-851E-70266B310537}.Debug|iPhoneSimulator.Build.0 = Debug|iPhoneSimulator
		{F42D0206-CEE0-4616-851E-70266B310537}.Debug|x64.ActiveCfg = Debug|iPhone
		{F42D0206-CEE0-4616-851E-70266B310537}.Debug|x86.ActiveCfg = Debug|iPhone
		{F42D0206-CEE0-4616-851E-70266B310537}.Release|Any CPU.ActiveCfg = Release|iPhone
		{F42D0206-CEE0-4616-851E-70266B310537}.Release|ARM.ActiveCfg = Release|iPhone
		{F42D0206-CEE0-4616-851E-70266B310537}.Release|iPhone.ActiveCfg = Release|iPhone
		{F42D0206-CEE0-4616-851E-70266B310537}.Release|iPhone.Build.0 = Release|iPhone
		{F42D0206-CEE0-4616-851E-70266B310537}.Release|iPhoneSimulator.ActiveCfg = Release|iPhoneSimulator
		{F42D0206-CEE0-4616-851E-70266B310537}.Release|iPhoneSimulator.Build.0 = Release|iPhoneSimulator
		{F42D0206-CEE0-4616-851E-70266B310537}.Release|x64.ActiveCfg = Release|iPhone
		{F42D0206-CEE0-4616-851E-70266B310537}.Release|x86.ActiveCfg = Release|iPhone
		{84C81255-4B8D-47A6-B5B7-AC3FB1699E19}.Ad-Hoc|Any CPU.ActiveCfg = Release|x86
		{84C81255-4B8D-47A6-B5B7-AC3FB1699E19}.Ad-Hoc|Any CPU.Build.0 = Release|x86
		{84C81255-4B8D-47A6-B5B7-AC3FB1699E19}.Ad-Hoc|Any CPU.Deploy.0 = Release|x86
		{84C81255-4B8D-47A6-B5B7-AC3FB1699E19}.Ad-Hoc|ARM.ActiveCfg = Release|ARM
		{84C81255-4B8D-47A6-B5B7-AC3FB1699E19}.Ad-Hoc|ARM.Build.0 = Release|ARM
		{84C81255-4B8D-47A6-B5B7-AC3FB1699E19}.Ad-Hoc|ARM.Deploy.0 = Release|ARM
		{84C81255-4B8D-47A6-B5B7-AC3FB1699E19}.Ad-Hoc|iPhone.ActiveCfg = Release|x86
		{84C81255-4B8D-47A6-B5B7-AC3FB1699E19}.Ad-Hoc|iPhone.Build.0 = Release|x86
		{84C81255-4B8D-47A6-B5B7-AC3FB1699E19}.Ad-Hoc|iPhone.Deploy.0 = Release|x86
		{84C81255-4B8D-47A6-B5B7-AC3FB1699E19}.Ad-Hoc|iPhoneSimulator.ActiveCfg = Release|x86
		{84C81255-4B8D-47A6-B5B7-AC3FB1699E19}.Ad-Hoc|iPhoneSimulator.Build.0 = Release|x86
		{84C81255-4B8D-47A6-B5B7-AC3FB1699E19}.Ad-Hoc|iPhoneSimulator.Deploy.0 = Release|x86
		{84C81255-4B8D-47A6-B5B7-AC3FB1699E19}.Ad-Hoc|x64.ActiveCfg = Release|x64
		{84C81255-4B8D-47A6-B5B7-AC3FB1699E19}.Ad-Hoc|x64.Build.0 = Release|x64
		{84C81255-4B8D-47A6-B5B7-AC3FB1699E19}.Ad-Hoc|x64.Deploy.0 = Release|x64
		{84C81255-4B8D-47A6-B5B7-AC3FB1699E19}.Ad-Hoc|x86.ActiveCfg = Release|x86
		{84C81255-4B8D-47A6-B5B7-AC3FB1699E19}.Ad-Hoc|x86.Build.0 = Release|x86
		{84C81255-4B8D-47A6-B5B7-AC3FB1699E19}.Ad-Hoc|x86.Deploy.0 = Release|x86
		{84C81255-4B8D-47A6-B5B7-AC3FB1699E19}.AppStore|Any CPU.ActiveCfg = Release|x86
		{84C81255-4B8D-47A6-B5B7-AC3FB1699E19}.AppStore|Any CPU.Build.0 = Release|x86
		{84C81255-4B8D-47A6-B5B7-AC3FB1699E19}.AppStore|Any CPU.Deploy.0 = Release|x86
		{84C81255-4B8D-47A6-B5B7-AC3FB1699E19}.AppStore|ARM.ActiveCfg = Release|ARM
		{84C81255-4B8D-47A6-B5B7-AC3FB1699E19}.AppStore|ARM.Build.0 = Release|ARM
		{84C81255-4B8D-47A6-B5B7-AC3FB1699E19}.AppStore|ARM.Deploy.0 = Release|ARM
		{84C81255-4B8D-47A6-B5B7-AC3FB1699E19}.AppStore|iPhone.ActiveCfg = Release|x86
		{84C81255-4B8D-47A6-B5B7-AC3FB1699E19}.AppStore|iPhone.Build.0 = Release|x86
		{84C81255-4B8D-47A6-B5B7-AC3FB1699E19}.AppStore|iPhone.Deploy.0 = Release|x86
		{84C81255-4B8D-47A6-B5B7-AC3FB1699E19}.AppStore|iPhoneSimulator.ActiveCfg = Release|x86
		{84C81255-4B8D-47A6-B5B7-AC3FB1699E19}.AppStore|iPhoneSimulator.Build.0 = Release|x86
		{84C81255-4B8D-47A6-B5B7-AC3FB1699E19}.AppStore|iPhoneSimulator.Deploy.0 = Release|x86
		{84C81255-4B8D-47A6-B5B7-AC3FB1699E19}.AppStore|x64.ActiveCfg = Release|x64
		{84C81255-4B8D-47A6-B5B7-AC3FB1699E19}.AppStore|x64.Build.0 = Release|x64
		{84C81255-4B8D-47A6-B5B7-AC3FB1699E19}.AppStore|x64.Deploy.0 = Release|x64
		{84C81255-4B8D-47A6-B5B7-AC3FB1699E19}.AppStore|x86.ActiveCfg = Release|x86
		{84C81255-4B8D-47A6-B5B7-AC3FB1699E19}.AppStore|x86.Build.0 = Release|x86
		{84C81255-4B8D-47A6-B5B7-AC3FB1699E19}.AppStore|x86.Deploy.0 = Release|x86
		{84C81255-4B8D-47A6-B5B7-AC3FB1699E19}.Debug|Any CPU.ActiveCfg = Debug|x86
		{84C81255-4B8D-47A6-B5B7-AC3FB1699E19}.Debug|ARM.ActiveCfg = Debug|ARM
		{84C81255-4B8D-47A6-B5B7-AC3FB1699E19}.Debug|ARM.Build.0 = Debug|ARM
		{84C81255-4B8D-47A6-B5B7-AC3FB1699E19}.Debug|ARM.Deploy.0 = Debug|ARM
		{84C81255-4B8D-47A6-B5B7-AC3FB1699E19}.Debug|iPhone.ActiveCfg = Debug|x86
		{84C81255-4B8D-47A6-B5B7-AC3FB1699E19}.Debug|iPhoneSimulator.ActiveCfg = Debug|x86
		{84C81255-4B8D-47A6-B5B7-AC3FB1699E19}.Debug|x64.ActiveCfg = Debug|x64
		{84C81255-4B8D-47A6-B5B7-AC3FB1699E19}.Debug|x64.Build.0 = Debug|x64
		{84C81255-4B8D-47A6-B5B7-AC3FB1699E19}.Debug|x64.Deploy.0 = Debug|x64
		{84C81255-4B8D-47A6-B5B7-AC3FB1699E19}.Debug|x86.ActiveCfg = Debug|x86
		{84C81255-4B8D-47A6-B5B7-AC3FB1699E19}.Debug|x86.Build.0 = Debug|x86
		{84C81255-4B8D-47A6-B5B7-AC3FB1699E19}.Debug|x86.Deploy.0 = Debug|x86
		{84C81255-4B8D-47A6-B5B7-AC3FB1699E19}.Release|Any CPU.ActiveCfg = Release|x86
		{84C81255-4B8D-47A6-B5B7-AC3FB1699E19}.Release|ARM.ActiveCfg = Release|ARM
		{84C81255-4B8D-47A6-B5B7-AC3FB1699E19}.Release|ARM.Build.0 = Release|ARM
		{84C81255-4B8D-47A6-B5B7-AC3FB1699E19}.Release|ARM.Deploy.0 = Release|ARM
		{84C81255-4B8D-47A6-B5B7-AC3FB1699E19}.Release|iPhone.ActiveCfg = Release|x86
		{84C81255-4B8D-47A6-B5B7-AC3FB1699E19}.Release|iPhoneSimulator.ActiveCfg = Release|x86
		{84C81255-4B8D-47A6-B5B7-AC3FB1699E19}.Release|x64.ActiveCfg = Release|x64
		{84C81255-4B8D-47A6-B5B7-AC3FB1699E19}.Release|x64.Build.0 = Release|x64
		{84C81255-4B8D-47A6-B5B7-AC3FB1699E19}.Release|x64.Deploy.0 = Release|x64
		{84C81255-4B8D-47A6-B5B7-AC3FB1699E19}.Release|x86.ActiveCfg = Release|x86
		{84C81255-4B8D-47A6-B5B7-AC3FB1699E19}.Release|x86.Build.0 = Release|x86
		{84C81255-4B8D-47A6-B5B7-AC3FB1699E19}.Release|x86.Deploy.0 = Release|x86
		{B3F2E46E-614B-4C29-9DFE-B725BAF4D232}.Ad-Hoc|Any CPU.ActiveCfg = Release|Any CPU
		{B3F2E46E-614B-4C29-9DFE-B725BAF4D232}.Ad-Hoc|Any CPU.Build.0 = Release|Any CPU
		{B3F2E46E-614B-4C29-9DFE-B725BAF4D232}.Ad-Hoc|ARM.ActiveCfg = Release|Any CPU
		{B3F2E46E-614B-4C29-9DFE-B725BAF4D232}.Ad-Hoc|ARM.Build.0 = Release|Any CPU
		{B3F2E46E-614B-4C29-9DFE-B725BAF4D232}.Ad-Hoc|iPhone.ActiveCfg = Release|Any CPU
		{B3F2E46E-614B-4C29-9DFE-B725BAF4D232}.Ad-Hoc|iPhone.Build.0 = Release|Any CPU
		{B3F2E46E-614B-4C29-9DFE-B725BAF4D232}.Ad-Hoc|iPhoneSimulator.ActiveCfg = Release|Any CPU
		{B3F2E46E-614B-4C29-9DFE-B725BAF4D232}.Ad-Hoc|iPhoneSimulator.Build.0 = Release|Any CPU
		{B3F2E46E-614B-4C29-9DFE-B725BAF4D232}.Ad-Hoc|x64.ActiveCfg = Release|Any CPU
		{B3F2E46E-614B-4C29-9DFE-B725BAF4D232}.Ad-Hoc|x64.Build.0 = Release|Any CPU
		{B3F2E46E-614B-4C29-9DFE-B725BAF4D232}.Ad-Hoc|x86.ActiveCfg = Release|Any CPU
		{B3F2E46E-614B-4C29-9DFE-B725BAF4D232}.Ad-Hoc|x86.Build.0 = Release|Any CPU
		{B3F2E46E-614B-4C29-9DFE-B725BAF4D232}.AppStore|Any CPU.ActiveCfg = Release|Any CPU
		{B3F2E46E-614B-4C29-9DFE-B725BAF4D232}.AppStore|Any CPU.Build.0 = Release|Any CPU
		{B3F2E46E-614B-4C29-9DFE-B725BAF4D232}.AppStore|ARM.ActiveCfg = Release|Any CPU
		{B3F2E46E-614B-4C29-9DFE-B725BAF4D232}.AppStore|ARM.Build.0 = Release|Any CPU
		{B3F2E46E-614B-4C29-9DFE-B725BAF4D232}.AppStore|iPhone.ActiveCfg = Release|Any CPU
		{B3F2E46E-614B-4C29-9DFE-B725BAF4D232}.AppStore|iPhone.Build.0 = Release|Any CPU
		{B3F2E46E-614B-4C29-9DFE-B725BAF4D232}.AppStore|iPhoneSimulator.ActiveCfg = Release|Any CPU
		{B3F2E46E-614B-4C29-9DFE-B725BAF4D232}.AppStore|iPhoneSimulator.Build.0 = Release|Any CPU
		{B3F2E46E-614B-4C29-9DFE-B725BAF4D232}.AppStore|x64.ActiveCfg = Release|Any CPU
		{B3F2E46E-614B-4C29-9DFE-B725BAF4D232}.AppStore|x64.Build.0 = Release|Any CPU
		{B3F2E46E-614B-4C29-9DFE-B725BAF4D232}.AppStore|x86.ActiveCfg = Release|Any CPU
		{B3F2E46E-614B-4C29-9DFE-B725BAF4D232}.AppStore|x86.Build.0 = Release|Any CPU
		{B3F2E46E-614B-4C29-9DFE-B725BAF4D232}.Debug|Any CPU.ActiveCfg = Debug|Any CPU
		{B3F2E46E-614B-4C29-9DFE-B725BAF4D232}.Debug|Any CPU.Build.0 = Debug|Any CPU
		{B3F2E46E-614B-4C29-9DFE-B725BAF4D232}.Debug|ARM.ActiveCfg = Debug|Any CPU
		{B3F2E46E-614B-4C29-9DFE-B725BAF4D232}.Debug|ARM.Build.0 = Debug|Any CPU
		{B3F2E46E-614B-4C29-9DFE-B725BAF4D232}.Debug|iPhone.ActiveCfg = Debug|Any CPU
		{B3F2E46E-614B-4C29-9DFE-B725BAF4D232}.Debug|iPhone.Build.0 = Debug|Any CPU
		{B3F2E46E-614B-4C29-9DFE-B725BAF4D232}.Debug|iPhoneSimulator.ActiveCfg = Debug|Any CPU
		{B3F2E46E-614B-4C29-9DFE-B725BAF4D232}.Debug|iPhoneSimulator.Build.0 = Debug|Any CPU
		{B3F2E46E-614B-4C29-9DFE-B725BAF4D232}.Debug|x64.ActiveCfg = Debug|Any CPU
		{B3F2E46E-614B-4C29-9DFE-B725BAF4D232}.Debug|x64.Build.0 = Debug|Any CPU
		{B3F2E46E-614B-4C29-9DFE-B725BAF4D232}.Debug|x86.ActiveCfg = Debug|Any CPU
		{B3F2E46E-614B-4C29-9DFE-B725BAF4D232}.Debug|x86.Build.0 = Debug|Any CPU
		{B3F2E46E-614B-4C29-9DFE-B725BAF4D232}.Release|Any CPU.ActiveCfg = Release|Any CPU
		{B3F2E46E-614B-4C29-9DFE-B725BAF4D232}.Release|Any CPU.Build.0 = Release|Any CPU
		{B3F2E46E-614B-4C29-9DFE-B725BAF4D232}.Release|ARM.ActiveCfg = Release|Any CPU
		{B3F2E46E-614B-4C29-9DFE-B725BAF4D232}.Release|ARM.Build.0 = Release|Any CPU
		{B3F2E46E-614B-4C29-9DFE-B725BAF4D232}.Release|iPhone.ActiveCfg = Release|Any CPU
		{B3F2E46E-614B-4C29-9DFE-B725BAF4D232}.Release|iPhone.Build.0 = Release|Any CPU
		{B3F2E46E-614B-4C29-9DFE-B725BAF4D232}.Release|iPhoneSimulator.ActiveCfg = Release|Any CPU
		{B3F2E46E-614B-4C29-9DFE-B725BAF4D232}.Release|iPhoneSimulator.Build.0 = Release|Any CPU
		{B3F2E46E-614B-4C29-9DFE-B725BAF4D232}.Release|x64.ActiveCfg = Release|Any CPU
		{B3F2E46E-614B-4C29-9DFE-B725BAF4D232}.Release|x64.Build.0 = Release|Any CPU
		{B3F2E46E-614B-4C29-9DFE-B725BAF4D232}.Release|x86.ActiveCfg = Release|Any CPU
		{B3F2E46E-614B-4C29-9DFE-B725BAF4D232}.Release|x86.Build.0 = Release|Any CPU
		{89849466-AAB6-428B-A89F-6318645DDD8E}.Ad-Hoc|Any CPU.ActiveCfg = Release|Any CPU
		{89849466-AAB6-428B-A89F-6318645DDD8E}.Ad-Hoc|Any CPU.Build.0 = Release|Any CPU
		{89849466-AAB6-428B-A89F-6318645DDD8E}.Ad-Hoc|ARM.ActiveCfg = Release|Any CPU
		{89849466-AAB6-428B-A89F-6318645DDD8E}.Ad-Hoc|ARM.Build.0 = Release|Any CPU
		{89849466-AAB6-428B-A89F-6318645DDD8E}.Ad-Hoc|iPhone.ActiveCfg = Release|Any CPU
		{89849466-AAB6-428B-A89F-6318645DDD8E}.Ad-Hoc|iPhone.Build.0 = Release|Any CPU
		{89849466-AAB6-428B-A89F-6318645DDD8E}.Ad-Hoc|iPhoneSimulator.ActiveCfg = Release|Any CPU
		{89849466-AAB6-428B-A89F-6318645DDD8E}.Ad-Hoc|iPhoneSimulator.Build.0 = Release|Any CPU
		{89849466-AAB6-428B-A89F-6318645DDD8E}.Ad-Hoc|x64.ActiveCfg = Release|Any CPU
		{89849466-AAB6-428B-A89F-6318645DDD8E}.Ad-Hoc|x64.Build.0 = Release|Any CPU
		{89849466-AAB6-428B-A89F-6318645DDD8E}.Ad-Hoc|x86.ActiveCfg = Release|Any CPU
		{89849466-AAB6-428B-A89F-6318645DDD8E}.Ad-Hoc|x86.Build.0 = Release|Any CPU
		{89849466-AAB6-428B-A89F-6318645DDD8E}.AppStore|Any CPU.ActiveCfg = Release|Any CPU
		{89849466-AAB6-428B-A89F-6318645DDD8E}.AppStore|Any CPU.Build.0 = Release|Any CPU
		{89849466-AAB6-428B-A89F-6318645DDD8E}.AppStore|ARM.ActiveCfg = Release|Any CPU
		{89849466-AAB6-428B-A89F-6318645DDD8E}.AppStore|ARM.Build.0 = Release|Any CPU
		{89849466-AAB6-428B-A89F-6318645DDD8E}.AppStore|iPhone.ActiveCfg = Release|Any CPU
		{89849466-AAB6-428B-A89F-6318645DDD8E}.AppStore|iPhone.Build.0 = Release|Any CPU
		{89849466-AAB6-428B-A89F-6318645DDD8E}.AppStore|iPhoneSimulator.ActiveCfg = Release|Any CPU
		{89849466-AAB6-428B-A89F-6318645DDD8E}.AppStore|iPhoneSimulator.Build.0 = Release|Any CPU
		{89849466-AAB6-428B-A89F-6318645DDD8E}.AppStore|x64.ActiveCfg = Release|Any CPU
		{89849466-AAB6-428B-A89F-6318645DDD8E}.AppStore|x64.Build.0 = Release|Any CPU
		{89849466-AAB6-428B-A89F-6318645DDD8E}.AppStore|x86.ActiveCfg = Release|Any CPU
		{89849466-AAB6-428B-A89F-6318645DDD8E}.AppStore|x86.Build.0 = Release|Any CPU
		{89849466-AAB6-428B-A89F-6318645DDD8E}.Debug|Any CPU.ActiveCfg = Debug|Any CPU
		{89849466-AAB6-428B-A89F-6318645DDD8E}.Debug|Any CPU.Build.0 = Debug|Any CPU
		{89849466-AAB6-428B-A89F-6318645DDD8E}.Debug|ARM.ActiveCfg = Debug|Any CPU
		{89849466-AAB6-428B-A89F-6318645DDD8E}.Debug|ARM.Build.0 = Debug|Any CPU
		{89849466-AAB6-428B-A89F-6318645DDD8E}.Debug|iPhone.ActiveCfg = Debug|Any CPU
		{89849466-AAB6-428B-A89F-6318645DDD8E}.Debug|iPhone.Build.0 = Debug|Any CPU
		{89849466-AAB6-428B-A89F-6318645DDD8E}.Debug|iPhoneSimulator.ActiveCfg = Debug|Any CPU
		{89849466-AAB6-428B-A89F-6318645DDD8E}.Debug|iPhoneSimulator.Build.0 = Debug|Any CPU
		{89849466-AAB6-428B-A89F-6318645DDD8E}.Debug|x64.ActiveCfg = Debug|Any CPU
		{89849466-AAB6-428B-A89F-6318645DDD8E}.Debug|x64.Build.0 = Debug|Any CPU
		{89849466-AAB6-428B-A89F-6318645DDD8E}.Debug|x86.ActiveCfg = Debug|Any CPU
		{89849466-AAB6-428B-A89F-6318645DDD8E}.Debug|x86.Build.0 = Debug|Any CPU
		{89849466-AAB6-428B-A89F-6318645DDD8E}.Release|Any CPU.ActiveCfg = Release|Any CPU
		{89849466-AAB6-428B-A89F-6318645DDD8E}.Release|Any CPU.Build.0 = Release|Any CPU
		{89849466-AAB6-428B-A89F-6318645DDD8E}.Release|ARM.ActiveCfg = Release|Any CPU
		{89849466-AAB6-428B-A89F-6318645DDD8E}.Release|ARM.Build.0 = Release|Any CPU
		{89849466-AAB6-428B-A89F-6318645DDD8E}.Release|iPhone.ActiveCfg = Release|Any CPU
		{89849466-AAB6-428B-A89F-6318645DDD8E}.Release|iPhone.Build.0 = Release|Any CPU
		{89849466-AAB6-428B-A89F-6318645DDD8E}.Release|iPhoneSimulator.ActiveCfg = Release|Any CPU
		{89849466-AAB6-428B-A89F-6318645DDD8E}.Release|iPhoneSimulator.Build.0 = Release|Any CPU
		{89849466-AAB6-428B-A89F-6318645DDD8E}.Release|x64.ActiveCfg = Release|Any CPU
		{89849466-AAB6-428B-A89F-6318645DDD8E}.Release|x64.Build.0 = Release|Any CPU
		{89849466-AAB6-428B-A89F-6318645DDD8E}.Release|x86.ActiveCfg = Release|Any CPU
		{89849466-AAB6-428B-A89F-6318645DDD8E}.Release|x86.Build.0 = Release|Any CPU
		{4AA7D327-D535-456C-8F3D-D74654BF288C}.Ad-Hoc|Any CPU.ActiveCfg = Release|Any CPU
		{4AA7D327-D535-456C-8F3D-D74654BF288C}.Ad-Hoc|Any CPU.Build.0 = Release|Any CPU
		{4AA7D327-D535-456C-8F3D-D74654BF288C}.Ad-Hoc|ARM.ActiveCfg = Release|Any CPU
		{4AA7D327-D535-456C-8F3D-D74654BF288C}.Ad-Hoc|ARM.Build.0 = Release|Any CPU
		{4AA7D327-D535-456C-8F3D-D74654BF288C}.Ad-Hoc|iPhone.ActiveCfg = Release|Any CPU
		{4AA7D327-D535-456C-8F3D-D74654BF288C}.Ad-Hoc|iPhone.Build.0 = Release|Any CPU
		{4AA7D327-D535-456C-8F3D-D74654BF288C}.Ad-Hoc|iPhoneSimulator.ActiveCfg = Release|Any CPU
		{4AA7D327-D535-456C-8F3D-D74654BF288C}.Ad-Hoc|iPhoneSimulator.Build.0 = Release|Any CPU
		{4AA7D327-D535-456C-8F3D-D74654BF288C}.Ad-Hoc|x64.ActiveCfg = Release|Any CPU
		{4AA7D327-D535-456C-8F3D-D74654BF288C}.Ad-Hoc|x64.Build.0 = Release|Any CPU
		{4AA7D327-D535-456C-8F3D-D74654BF288C}.Ad-Hoc|x86.ActiveCfg = Release|Any CPU
		{4AA7D327-D535-456C-8F3D-D74654BF288C}.Ad-Hoc|x86.Build.0 = Release|Any CPU
		{4AA7D327-D535-456C-8F3D-D74654BF288C}.AppStore|Any CPU.ActiveCfg = Release|Any CPU
		{4AA7D327-D535-456C-8F3D-D74654BF288C}.AppStore|Any CPU.Build.0 = Release|Any CPU
		{4AA7D327-D535-456C-8F3D-D74654BF288C}.AppStore|ARM.ActiveCfg = Release|Any CPU
		{4AA7D327-D535-456C-8F3D-D74654BF288C}.AppStore|ARM.Build.0 = Release|Any CPU
		{4AA7D327-D535-456C-8F3D-D74654BF288C}.AppStore|iPhone.ActiveCfg = Release|Any CPU
		{4AA7D327-D535-456C-8F3D-D74654BF288C}.AppStore|iPhone.Build.0 = Release|Any CPU
		{4AA7D327-D535-456C-8F3D-D74654BF288C}.AppStore|iPhoneSimulator.ActiveCfg = Release|Any CPU
		{4AA7D327-D535-456C-8F3D-D74654BF288C}.AppStore|iPhoneSimulator.Build.0 = Release|Any CPU
		{4AA7D327-D535-456C-8F3D-D74654BF288C}.AppStore|x64.ActiveCfg = Release|Any CPU
		{4AA7D327-D535-456C-8F3D-D74654BF288C}.AppStore|x64.Build.0 = Release|Any CPU
		{4AA7D327-D535-456C-8F3D-D74654BF288C}.AppStore|x86.ActiveCfg = Release|Any CPU
		{4AA7D327-D535-456C-8F3D-D74654BF288C}.AppStore|x86.Build.0 = Release|Any CPU
		{4AA7D327-D535-456C-8F3D-D74654BF288C}.Debug|Any CPU.ActiveCfg = Debug|Any CPU
		{4AA7D327-D535-456C-8F3D-D74654BF288C}.Debug|Any CPU.Build.0 = Debug|Any CPU
		{4AA7D327-D535-456C-8F3D-D74654BF288C}.Debug|Any CPU.Deploy.0 = Debug|Any CPU
		{4AA7D327-D535-456C-8F3D-D74654BF288C}.Debug|ARM.ActiveCfg = Debug|Any CPU
		{4AA7D327-D535-456C-8F3D-D74654BF288C}.Debug|ARM.Build.0 = Debug|Any CPU
		{4AA7D327-D535-456C-8F3D-D74654BF288C}.Debug|iPhone.ActiveCfg = Debug|Any CPU
		{4AA7D327-D535-456C-8F3D-D74654BF288C}.Debug|iPhone.Build.0 = Debug|Any CPU
		{4AA7D327-D535-456C-8F3D-D74654BF288C}.Debug|iPhoneSimulator.ActiveCfg = Debug|Any CPU
		{4AA7D327-D535-456C-8F3D-D74654BF288C}.Debug|iPhoneSimulator.Build.0 = Debug|Any CPU
		{4AA7D327-D535-456C-8F3D-D74654BF288C}.Debug|x64.ActiveCfg = Debug|Any CPU
		{4AA7D327-D535-456C-8F3D-D74654BF288C}.Debug|x64.Build.0 = Debug|Any CPU
		{4AA7D327-D535-456C-8F3D-D74654BF288C}.Debug|x86.ActiveCfg = Debug|Any CPU
		{4AA7D327-D535-456C-8F3D-D74654BF288C}.Debug|x86.Build.0 = Debug|Any CPU
		{4AA7D327-D535-456C-8F3D-D74654BF288C}.Release|Any CPU.ActiveCfg = Release|Any CPU
		{4AA7D327-D535-456C-8F3D-D74654BF288C}.Release|Any CPU.Build.0 = Release|Any CPU
		{4AA7D327-D535-456C-8F3D-D74654BF288C}.Release|Any CPU.Deploy.0 = Release|Any CPU
		{4AA7D327-D535-456C-8F3D-D74654BF288C}.Release|ARM.ActiveCfg = Release|Any CPU
		{4AA7D327-D535-456C-8F3D-D74654BF288C}.Release|ARM.Build.0 = Release|Any CPU
		{4AA7D327-D535-456C-8F3D-D74654BF288C}.Release|iPhone.ActiveCfg = Release|Any CPU
		{4AA7D327-D535-456C-8F3D-D74654BF288C}.Release|iPhone.Build.0 = Release|Any CPU
		{4AA7D327-D535-456C-8F3D-D74654BF288C}.Release|iPhoneSimulator.ActiveCfg = Release|Any CPU
		{4AA7D327-D535-456C-8F3D-D74654BF288C}.Release|iPhoneSimulator.Build.0 = Release|Any CPU
		{4AA7D327-D535-456C-8F3D-D74654BF288C}.Release|x64.ActiveCfg = Release|Any CPU
		{4AA7D327-D535-456C-8F3D-D74654BF288C}.Release|x64.Build.0 = Release|Any CPU
		{4AA7D327-D535-456C-8F3D-D74654BF288C}.Release|x86.ActiveCfg = Release|Any CPU
		{4AA7D327-D535-456C-8F3D-D74654BF288C}.Release|x86.Build.0 = Release|Any CPU
		{E8DB90C8-57C8-43CF-94B8-ACCCE4BDC18E}.Ad-Hoc|Any CPU.ActiveCfg = Release|Any CPU
		{E8DB90C8-57C8-43CF-94B8-ACCCE4BDC18E}.Ad-Hoc|Any CPU.Build.0 = Release|Any CPU
		{E8DB90C8-57C8-43CF-94B8-ACCCE4BDC18E}.Ad-Hoc|ARM.ActiveCfg = Release|Any CPU
		{E8DB90C8-57C8-43CF-94B8-ACCCE4BDC18E}.Ad-Hoc|ARM.Build.0 = Release|Any CPU
		{E8DB90C8-57C8-43CF-94B8-ACCCE4BDC18E}.Ad-Hoc|iPhone.ActiveCfg = Release|Any CPU
		{E8DB90C8-57C8-43CF-94B8-ACCCE4BDC18E}.Ad-Hoc|iPhone.Build.0 = Release|Any CPU
		{E8DB90C8-57C8-43CF-94B8-ACCCE4BDC18E}.Ad-Hoc|iPhoneSimulator.ActiveCfg = Release|Any CPU
		{E8DB90C8-57C8-43CF-94B8-ACCCE4BDC18E}.Ad-Hoc|iPhoneSimulator.Build.0 = Release|Any CPU
		{E8DB90C8-57C8-43CF-94B8-ACCCE4BDC18E}.Ad-Hoc|x64.ActiveCfg = Release|Any CPU
		{E8DB90C8-57C8-43CF-94B8-ACCCE4BDC18E}.Ad-Hoc|x64.Build.0 = Release|Any CPU
		{E8DB90C8-57C8-43CF-94B8-ACCCE4BDC18E}.Ad-Hoc|x86.ActiveCfg = Release|Any CPU
		{E8DB90C8-57C8-43CF-94B8-ACCCE4BDC18E}.Ad-Hoc|x86.Build.0 = Release|Any CPU
		{E8DB90C8-57C8-43CF-94B8-ACCCE4BDC18E}.AppStore|Any CPU.ActiveCfg = Release|Any CPU
		{E8DB90C8-57C8-43CF-94B8-ACCCE4BDC18E}.AppStore|Any CPU.Build.0 = Release|Any CPU
		{E8DB90C8-57C8-43CF-94B8-ACCCE4BDC18E}.AppStore|ARM.ActiveCfg = Release|Any CPU
		{E8DB90C8-57C8-43CF-94B8-ACCCE4BDC18E}.AppStore|ARM.Build.0 = Release|Any CPU
		{E8DB90C8-57C8-43CF-94B8-ACCCE4BDC18E}.AppStore|iPhone.ActiveCfg = Release|Any CPU
		{E8DB90C8-57C8-43CF-94B8-ACCCE4BDC18E}.AppStore|iPhone.Build.0 = Release|Any CPU
		{E8DB90C8-57C8-43CF-94B8-ACCCE4BDC18E}.AppStore|iPhoneSimulator.ActiveCfg = Release|Any CPU
		{E8DB90C8-57C8-43CF-94B8-ACCCE4BDC18E}.AppStore|iPhoneSimulator.Build.0 = Release|Any CPU
		{E8DB90C8-57C8-43CF-94B8-ACCCE4BDC18E}.AppStore|x64.ActiveCfg = Release|Any CPU
		{E8DB90C8-57C8-43CF-94B8-ACCCE4BDC18E}.AppStore|x64.Build.0 = Release|Any CPU
		{E8DB90C8-57C8-43CF-94B8-ACCCE4BDC18E}.AppStore|x86.ActiveCfg = Release|Any CPU
		{E8DB90C8-57C8-43CF-94B8-ACCCE4BDC18E}.AppStore|x86.Build.0 = Release|Any CPU
		{E8DB90C8-57C8-43CF-94B8-ACCCE4BDC18E}.Debug|Any CPU.ActiveCfg = Debug|Any CPU
		{E8DB90C8-57C8-43CF-94B8-ACCCE4BDC18E}.Debug|Any CPU.Build.0 = Debug|Any CPU
		{E8DB90C8-57C8-43CF-94B8-ACCCE4BDC18E}.Debug|ARM.ActiveCfg = Debug|Any CPU
		{E8DB90C8-57C8-43CF-94B8-ACCCE4BDC18E}.Debug|ARM.Build.0 = Debug|Any CPU
		{E8DB90C8-57C8-43CF-94B8-ACCCE4BDC18E}.Debug|iPhone.ActiveCfg = Debug|Any CPU
		{E8DB90C8-57C8-43CF-94B8-ACCCE4BDC18E}.Debug|iPhone.Build.0 = Debug|Any CPU
		{E8DB90C8-57C8-43CF-94B8-ACCCE4BDC18E}.Debug|iPhoneSimulator.ActiveCfg = Debug|Any CPU
		{E8DB90C8-57C8-43CF-94B8-ACCCE4BDC18E}.Debug|iPhoneSimulator.Build.0 = Debug|Any CPU
		{E8DB90C8-57C8-43CF-94B8-ACCCE4BDC18E}.Debug|x64.ActiveCfg = Debug|Any CPU
		{E8DB90C8-57C8-43CF-94B8-ACCCE4BDC18E}.Debug|x64.Build.0 = Debug|Any CPU
		{E8DB90C8-57C8-43CF-94B8-ACCCE4BDC18E}.Debug|x86.ActiveCfg = Debug|Any CPU
		{E8DB90C8-57C8-43CF-94B8-ACCCE4BDC18E}.Debug|x86.Build.0 = Debug|Any CPU
		{E8DB90C8-57C8-43CF-94B8-ACCCE4BDC18E}.Release|Any CPU.ActiveCfg = Release|Any CPU
		{E8DB90C8-57C8-43CF-94B8-ACCCE4BDC18E}.Release|Any CPU.Build.0 = Release|Any CPU
		{E8DB90C8-57C8-43CF-94B8-ACCCE4BDC18E}.Release|ARM.ActiveCfg = Release|Any CPU
		{E8DB90C8-57C8-43CF-94B8-ACCCE4BDC18E}.Release|ARM.Build.0 = Release|Any CPU
		{E8DB90C8-57C8-43CF-94B8-ACCCE4BDC18E}.Release|iPhone.ActiveCfg = Release|Any CPU
		{E8DB90C8-57C8-43CF-94B8-ACCCE4BDC18E}.Release|iPhone.Build.0 = Release|Any CPU
		{E8DB90C8-57C8-43CF-94B8-ACCCE4BDC18E}.Release|iPhoneSimulator.ActiveCfg = Release|Any CPU
		{E8DB90C8-57C8-43CF-94B8-ACCCE4BDC18E}.Release|iPhoneSimulator.Build.0 = Release|Any CPU
		{E8DB90C8-57C8-43CF-94B8-ACCCE4BDC18E}.Release|x64.ActiveCfg = Release|Any CPU
		{E8DB90C8-57C8-43CF-94B8-ACCCE4BDC18E}.Release|x64.Build.0 = Release|Any CPU
		{E8DB90C8-57C8-43CF-94B8-ACCCE4BDC18E}.Release|x86.ActiveCfg = Release|Any CPU
		{E8DB90C8-57C8-43CF-94B8-ACCCE4BDC18E}.Release|x86.Build.0 = Release|Any CPU
		{CFCE8214-8DE8-4431-976C-8FAA3B3F7659}.Ad-Hoc|Any CPU.ActiveCfg = Release|x64
		{CFCE8214-8DE8-4431-976C-8FAA3B3F7659}.Ad-Hoc|Any CPU.Build.0 = Release|x64
		{CFCE8214-8DE8-4431-976C-8FAA3B3F7659}.Ad-Hoc|Any CPU.Deploy.0 = Release|x64
		{CFCE8214-8DE8-4431-976C-8FAA3B3F7659}.Ad-Hoc|ARM.ActiveCfg = Release|ARM
		{CFCE8214-8DE8-4431-976C-8FAA3B3F7659}.Ad-Hoc|ARM.Build.0 = Release|ARM
		{CFCE8214-8DE8-4431-976C-8FAA3B3F7659}.Ad-Hoc|ARM.Deploy.0 = Release|ARM
		{CFCE8214-8DE8-4431-976C-8FAA3B3F7659}.Ad-Hoc|ARM64.ActiveCfg = Release|ARM64
		{CFCE8214-8DE8-4431-976C-8FAA3B3F7659}.Ad-Hoc|ARM64.Build.0 = Release|ARM64
		{CFCE8214-8DE8-4431-976C-8FAA3B3F7659}.Ad-Hoc|ARM64.Deploy.0 = Release|ARM64
		{CFCE8214-8DE8-4431-976C-8FAA3B3F7659}.Ad-Hoc|iPhone.ActiveCfg = Release|x64
		{CFCE8214-8DE8-4431-976C-8FAA3B3F7659}.Ad-Hoc|iPhone.Build.0 = Release|x64
		{CFCE8214-8DE8-4431-976C-8FAA3B3F7659}.Ad-Hoc|iPhone.Deploy.0 = Release|x64
		{CFCE8214-8DE8-4431-976C-8FAA3B3F7659}.Ad-Hoc|iPhoneSimulator.ActiveCfg = Release|x64
		{CFCE8214-8DE8-4431-976C-8FAA3B3F7659}.Ad-Hoc|iPhoneSimulator.Build.0 = Release|x64
		{CFCE8214-8DE8-4431-976C-8FAA3B3F7659}.Ad-Hoc|iPhoneSimulator.Deploy.0 = Release|x64
		{CFCE8214-8DE8-4431-976C-8FAA3B3F7659}.Ad-Hoc|x64.ActiveCfg = Release|x64
		{CFCE8214-8DE8-4431-976C-8FAA3B3F7659}.Ad-Hoc|x64.Build.0 = Release|x64
		{CFCE8214-8DE8-4431-976C-8FAA3B3F7659}.Ad-Hoc|x64.Deploy.0 = Release|x64
		{CFCE8214-8DE8-4431-976C-8FAA3B3F7659}.Ad-Hoc|x86.ActiveCfg = Release|x86
		{CFCE8214-8DE8-4431-976C-8FAA3B3F7659}.Ad-Hoc|x86.Build.0 = Release|x86
		{CFCE8214-8DE8-4431-976C-8FAA3B3F7659}.Ad-Hoc|x86.Deploy.0 = Release|x86
		{CFCE8214-8DE8-4431-976C-8FAA3B3F7659}.AppStore|Any CPU.ActiveCfg = Release|x64
		{CFCE8214-8DE8-4431-976C-8FAA3B3F7659}.AppStore|Any CPU.Build.0 = Release|x64
		{CFCE8214-8DE8-4431-976C-8FAA3B3F7659}.AppStore|Any CPU.Deploy.0 = Release|x64
		{CFCE8214-8DE8-4431-976C-8FAA3B3F7659}.AppStore|ARM.ActiveCfg = Release|ARM
		{CFCE8214-8DE8-4431-976C-8FAA3B3F7659}.AppStore|ARM.Build.0 = Release|ARM
		{CFCE8214-8DE8-4431-976C-8FAA3B3F7659}.AppStore|ARM.Deploy.0 = Release|ARM
		{CFCE8214-8DE8-4431-976C-8FAA3B3F7659}.AppStore|ARM64.ActiveCfg = Release|ARM64
		{CFCE8214-8DE8-4431-976C-8FAA3B3F7659}.AppStore|ARM64.Build.0 = Release|ARM64
		{CFCE8214-8DE8-4431-976C-8FAA3B3F7659}.AppStore|ARM64.Deploy.0 = Release|ARM64
		{CFCE8214-8DE8-4431-976C-8FAA3B3F7659}.AppStore|iPhone.ActiveCfg = Release|x64
		{CFCE8214-8DE8-4431-976C-8FAA3B3F7659}.AppStore|iPhone.Build.0 = Release|x64
		{CFCE8214-8DE8-4431-976C-8FAA3B3F7659}.AppStore|iPhone.Deploy.0 = Release|x64
		{CFCE8214-8DE8-4431-976C-8FAA3B3F7659}.AppStore|iPhoneSimulator.ActiveCfg = Release|x64
		{CFCE8214-8DE8-4431-976C-8FAA3B3F7659}.AppStore|iPhoneSimulator.Build.0 = Release|x64
		{CFCE8214-8DE8-4431-976C-8FAA3B3F7659}.AppStore|iPhoneSimulator.Deploy.0 = Release|x64
		{CFCE8214-8DE8-4431-976C-8FAA3B3F7659}.AppStore|x64.ActiveCfg = Release|x64
		{CFCE8214-8DE8-4431-976C-8FAA3B3F7659}.AppStore|x64.Build.0 = Release|x64
		{CFCE8214-8DE8-4431-976C-8FAA3B3F7659}.AppStore|x64.Deploy.0 = Release|x64
		{CFCE8214-8DE8-4431-976C-8FAA3B3F7659}.AppStore|x86.ActiveCfg = Release|x86
		{CFCE8214-8DE8-4431-976C-8FAA3B3F7659}.AppStore|x86.Build.0 = Release|x86
		{CFCE8214-8DE8-4431-976C-8FAA3B3F7659}.AppStore|x86.Deploy.0 = Release|x86
		{CFCE8214-8DE8-4431-976C-8FAA3B3F7659}.Debug|Any CPU.ActiveCfg = Debug|x86
		{CFCE8214-8DE8-4431-976C-8FAA3B3F7659}.Debug|ARM.ActiveCfg = Debug|ARM
		{CFCE8214-8DE8-4431-976C-8FAA3B3F7659}.Debug|ARM.Build.0 = Debug|ARM
		{CFCE8214-8DE8-4431-976C-8FAA3B3F7659}.Debug|ARM.Deploy.0 = Debug|ARM
		{CFCE8214-8DE8-4431-976C-8FAA3B3F7659}.Debug|ARM64.ActiveCfg = Debug|ARM64
		{CFCE8214-8DE8-4431-976C-8FAA3B3F7659}.Debug|ARM64.Build.0 = Debug|ARM64
		{CFCE8214-8DE8-4431-976C-8FAA3B3F7659}.Debug|ARM64.Deploy.0 = Debug|ARM64
		{CFCE8214-8DE8-4431-976C-8FAA3B3F7659}.Debug|iPhone.ActiveCfg = Debug|x86
		{CFCE8214-8DE8-4431-976C-8FAA3B3F7659}.Debug|iPhoneSimulator.ActiveCfg = Debug|x86
		{CFCE8214-8DE8-4431-976C-8FAA3B3F7659}.Debug|x64.ActiveCfg = Debug|x64
		{CFCE8214-8DE8-4431-976C-8FAA3B3F7659}.Debug|x64.Build.0 = Debug|x64
		{CFCE8214-8DE8-4431-976C-8FAA3B3F7659}.Debug|x64.Deploy.0 = Debug|x64
		{CFCE8214-8DE8-4431-976C-8FAA3B3F7659}.Debug|x86.ActiveCfg = Debug|x86
		{CFCE8214-8DE8-4431-976C-8FAA3B3F7659}.Debug|x86.Build.0 = Debug|x86
		{CFCE8214-8DE8-4431-976C-8FAA3B3F7659}.Debug|x86.Deploy.0 = Debug|x86
		{CFCE8214-8DE8-4431-976C-8FAA3B3F7659}.Release|Any CPU.ActiveCfg = Release|x86
		{CFCE8214-8DE8-4431-976C-8FAA3B3F7659}.Release|ARM.ActiveCfg = Release|ARM
		{CFCE8214-8DE8-4431-976C-8FAA3B3F7659}.Release|ARM.Build.0 = Release|ARM
		{CFCE8214-8DE8-4431-976C-8FAA3B3F7659}.Release|ARM.Deploy.0 = Release|ARM
		{CFCE8214-8DE8-4431-976C-8FAA3B3F7659}.Release|ARM64.ActiveCfg = Release|ARM64
		{CFCE8214-8DE8-4431-976C-8FAA3B3F7659}.Release|ARM64.Build.0 = Release|ARM64
		{CFCE8214-8DE8-4431-976C-8FAA3B3F7659}.Release|ARM64.Deploy.0 = Release|ARM64
		{CFCE8214-8DE8-4431-976C-8FAA3B3F7659}.Release|iPhone.ActiveCfg = Release|x86
		{CFCE8214-8DE8-4431-976C-8FAA3B3F7659}.Release|iPhoneSimulator.ActiveCfg = Release|x86
		{CFCE8214-8DE8-4431-976C-8FAA3B3F7659}.Release|x64.ActiveCfg = Release|x64
		{CFCE8214-8DE8-4431-976C-8FAA3B3F7659}.Release|x64.Build.0 = Release|x64
		{CFCE8214-8DE8-4431-976C-8FAA3B3F7659}.Release|x64.Deploy.0 = Release|x64
		{CFCE8214-8DE8-4431-976C-8FAA3B3F7659}.Release|x86.ActiveCfg = Release|x86
		{CFCE8214-8DE8-4431-976C-8FAA3B3F7659}.Release|x86.Build.0 = Release|x86
		{CFCE8214-8DE8-4431-976C-8FAA3B3F7659}.Release|x86.Deploy.0 = Release|x86
	EndGlobalSection
	GlobalSection(SolutionProperties) = preSolution
		HideSolutionNode = FALSE
	EndGlobalSection
	GlobalSection(ExtensibilityGlobals) = postSolution
		SolutionGuid = {F6D05029-56B8-4E45-AF2D-0E76295DDBA2}
	EndGlobalSection
EndGlobal
